
Microsoft Visual Studio Solution File, Format Version 12.00
# Visual Studio 2013
VisualStudioVersion = 12.0.30723.0
MinimumVisualStudioVersion = 10.0.40219.1
Project("{FAE04EC0-301F-11D3-BF4B-00C04F79EFBC}") = "Pigeoid.Core", "src\Pigeoid.Core\Pigeoid.Core.csproj", "{ECDC3D02-067E-4D6F-9DF2-58015EFDAE87}"
EndProject
Project("{2150E333-8FDC-42A3-9474-1A3956D46DE8}") = "src", "src", "{3BF3752F-F50D-44DF-84C5-10BA1B5ABC22}"
	ProjectSection(SolutionItems) = preProject
		src\PigeoidAssemblyInfo.cs = src\PigeoidAssemblyInfo.cs
	EndProjectSection
EndProject
Project("{2150E333-8FDC-42A3-9474-1A3956D46DE8}") = "tests", "tests", "{7E955526-8715-4399-984C-CB96BF2A158B}"
EndProject
Project("{FAE04EC0-301F-11D3-BF4B-00C04F79EFBC}") = "Pigeoid.Epsg", "src\Pigeoid.Epsg\Pigeoid.Epsg.csproj", "{4DB9EE8B-B0A8-4EFD-8C2B-C2DFCA51A2DE}"
EndProject
Project("{FAE04EC0-301F-11D3-BF4B-00C04F79EFBC}") = "Pigeoid.Core.Test", "tests\Pigeoid.Core.Test\Pigeoid.Core.Test.csproj", "{E598B157-1063-4652-A4BE-DD54E02C23FB}"
EndProject
Project("{FAE04EC0-301F-11D3-BF4B-00C04F79EFBC}") = "Pigeoid.Epsg.Transform.Test", "tests\Pigeoid.Epsg.Transform.Test\Pigeoid.Epsg.Transform.Test.csproj", "{A580A78D-7975-42E4-89CA-831690872299}"
EndProject
Project("{FAE04EC0-301F-11D3-BF4B-00C04F79EFBC}") = "Pigeoid.GoldData.Test", "tests\Pigeoid.GoldData.Test\Pigeoid.GoldData.Test.csproj", "{C6EAB9F1-4132-4878-BAA2-535354A68899}"
EndProject
Global
	GlobalSection(SolutionConfigurationPlatforms) = preSolution
		Debug|Any CPU = Debug|Any CPU
		DebugCC|Any CPU = DebugCC|Any CPU
		Release|Any CPU = Release|Any CPU
	EndGlobalSection
	GlobalSection(ProjectConfigurationPlatforms) = postSolution
		{ECDC3D02-067E-4D6F-9DF2-58015EFDAE87}.Debug|Any CPU.ActiveCfg = Debug|Any CPU
		{ECDC3D02-067E-4D6F-9DF2-58015EFDAE87}.Debug|Any CPU.Build.0 = Debug|Any CPU
		{ECDC3D02-067E-4D6F-9DF2-58015EFDAE87}.DebugCC|Any CPU.ActiveCfg = DebugCC|Any CPU
		{ECDC3D02-067E-4D6F-9DF2-58015EFDAE87}.DebugCC|Any CPU.Build.0 = DebugCC|Any CPU
		{ECDC3D02-067E-4D6F-9DF2-58015EFDAE87}.Release|Any CPU.ActiveCfg = Release|Any CPU
		{ECDC3D02-067E-4D6F-9DF2-58015EFDAE87}.Release|Any CPU.Build.0 = Release|Any CPU
		{4DB9EE8B-B0A8-4EFD-8C2B-C2DFCA51A2DE}.Debug|Any CPU.ActiveCfg = Debug|Any CPU
		{4DB9EE8B-B0A8-4EFD-8C2B-C2DFCA51A2DE}.Debug|Any CPU.Build.0 = Debug|Any CPU
		{4DB9EE8B-B0A8-4EFD-8C2B-C2DFCA51A2DE}.DebugCC|Any CPU.ActiveCfg = DebugCC|Any CPU
		{4DB9EE8B-B0A8-4EFD-8C2B-C2DFCA51A2DE}.DebugCC|Any CPU.Build.0 = DebugCC|Any CPU
		{4DB9EE8B-B0A8-4EFD-8C2B-C2DFCA51A2DE}.Release|Any CPU.ActiveCfg = Release|Any CPU
		{4DB9EE8B-B0A8-4EFD-8C2B-C2DFCA51A2DE}.Release|Any CPU.Build.0 = Release|Any CPU
		{E598B157-1063-4652-A4BE-DD54E02C23FB}.Debug|Any CPU.ActiveCfg = Debug|Any CPU
		{E598B157-1063-4652-A4BE-DD54E02C23FB}.Debug|Any CPU.Build.0 = Debug|Any CPU
		{E598B157-1063-4652-A4BE-DD54E02C23FB}.DebugCC|Any CPU.ActiveCfg = DebugCC|Any CPU
		{E598B157-1063-4652-A4BE-DD54E02C23FB}.DebugCC|Any CPU.Build.0 = DebugCC|Any CPU
		{E598B157-1063-4652-A4BE-DD54E02C23FB}.Release|Any CPU.ActiveCfg = Release|Any CPU
		{E598B157-1063-4652-A4BE-DD54E02C23FB}.Release|Any CPU.Build.0 = Release|Any CPU
		{A580A78D-7975-42E4-89CA-831690872299}.Debug|Any CPU.ActiveCfg = Debug|Any CPU
		{A580A78D-7975-42E4-89CA-831690872299}.Debug|Any CPU.Build.0 = Debug|Any CPU
		{A580A78D-7975-42E4-89CA-831690872299}.DebugCC|Any CPU.ActiveCfg = DebugCC|Any CPU
		{A580A78D-7975-42E4-89CA-831690872299}.DebugCC|Any CPU.Build.0 = DebugCC|Any CPU
		{A580A78D-7975-42E4-89CA-831690872299}.Release|Any CPU.ActiveCfg = Release|Any CPU
		{A580A78D-7975-42E4-89CA-831690872299}.Release|Any CPU.Build.0 = Release|Any CPU
		{C6EAB9F1-4132-4878-BAA2-535354A68899}.Debug|Any CPU.ActiveCfg = Debug|Any CPU
		{C6EAB9F1-4132-4878-BAA2-535354A68899}.Debug|Any CPU.Build.0 = Debug|Any CPU
		{C6EAB9F1-4132-4878-BAA2-535354A68899}.DebugCC|Any CPU.ActiveCfg = DebugCC|Any CPU
		{C6EAB9F1-4132-4878-BAA2-535354A68899}.DebugCC|Any CPU.Build.0 = DebugCC|Any CPU
		{C6EAB9F1-4132-4878-BAA2-535354A68899}.Release|Any CPU.ActiveCfg = Release|Any CPU
		{C6EAB9F1-4132-4878-BAA2-535354A68899}.Release|Any CPU.Build.0 = Release|Any CPU
	EndGlobalSection
	GlobalSection(SolutionProperties) = preSolution
		HideSolutionNode = FALSE
	EndGlobalSection
	GlobalSection(NestedProjects) = preSolution
		{ECDC3D02-067E-4D6F-9DF2-58015EFDAE87} = {3BF3752F-F50D-44DF-84C5-10BA1B5ABC22}
		{4DB9EE8B-B0A8-4EFD-8C2B-C2DFCA51A2DE} = {3BF3752F-F50D-44DF-84C5-10BA1B5ABC22}
		{E598B157-1063-4652-A4BE-DD54E02C23FB} = {7E955526-8715-4399-984C-CB96BF2A158B}
		{A580A78D-7975-42E4-89CA-831690872299} = {7E955526-8715-4399-984C-CB96BF2A158B}
		{C6EAB9F1-4132-4878-BAA2-535354A68899} = {7E955526-8715-4399-984C-CB96BF2A158B}
	EndGlobalSection
EndGlobal
