
Microsoft Visual Studio Solution File, Format Version 11.00
# Visual Studio 2010
Project("{FAE04EC0-301F-11D3-BF4B-00C04F79EFBC}") = "Pigeoid.Core", "src\Pigeoid.Core\Pigeoid.Core.csproj", "{ECDC3D02-067E-4D6F-9DF2-58015EFDAE87}"
EndProject
Project("{2150E333-8FDC-42A3-9474-1A3956D46DE8}") = "src", "src", "{3BF3752F-F50D-44DF-84C5-10BA1B5ABC22}"
	ProjectSection(SolutionItems) = preProject
		src\PigeoidAssemblyInfo.cs = src\PigeoidAssemblyInfo.cs
	EndProjectSection
EndProject
Project("{2150E333-8FDC-42A3-9474-1A3956D46DE8}") = "build", "build", "{F588ACEA-9B25-40DF-BE2F-4CFB44C7147C}"
	ProjectSection(SolutionItems) = preProject
		build\NuGet.targets = build\NuGet.targets
	EndProjectSection
EndProject
Project("{2150E333-8FDC-42A3-9474-1A3956D46DE8}") = "test", "test", "{7E955526-8715-4399-984C-CB96BF2A158B}"
EndProject
Project("{FAE04EC0-301F-11D3-BF4B-00C04F79EFBC}") = "Pigeoid.Core.Test", "src\Pigeoid.Core.Test\Pigeoid.Core.Test.csproj", "{E598B157-1063-4652-A4BE-DD54E02C23FB}"
EndProject
Project("{FAE04EC0-301F-11D3-BF4B-00C04F79EFBC}") = "Pigeoid.Interop.Proj4", "src\Pigeoid.Interop.Proj4\Pigeoid.Interop.Proj4.csproj", "{560D8E81-795B-456F-A9F1-7166B3BE13B1}"
EndProject
Project("{8BC9CEB8-8B4A-11D0-8D11-00A0C91BC942}") = "Pigeoid.Interop.Proj4.Unmanaged", "src\Pigeoid.Interop.Proj4.Unmanaged\Pigeoid.Interop.Proj4.Unmanaged.vcxproj", "{4DB7B813-449C-42E8-8424-52C62CB4B8EB}"
EndProject
Project("{FAE04EC0-301F-11D3-BF4B-00C04F79EFBC}") = "Pigeoid.Epsg.DataTransmogrifier", "build\Pigeoid.Epsg.DataTransmogrifier\Pigeoid.Epsg.DataTransmogrifier.csproj", "{90BDF391-AE05-4CDB-8B62-7DD588C29001}"
EndProject
Global
	GlobalSection(SolutionConfigurationPlatforms) = preSolution
		Debug|Any CPU = Debug|Any CPU
		Debug|Mixed Platforms = Debug|Mixed Platforms
		Debug|Win32 = Debug|Win32
		Debug|x86 = Debug|x86
		Release|Any CPU = Release|Any CPU
		Release|Mixed Platforms = Release|Mixed Platforms
		Release|Win32 = Release|Win32
		Release|x86 = Release|x86
	EndGlobalSection
	GlobalSection(ProjectConfigurationPlatforms) = postSolution
		{ECDC3D02-067E-4D6F-9DF2-58015EFDAE87}.Debug|Any CPU.ActiveCfg = Debug|Any CPU
		{ECDC3D02-067E-4D6F-9DF2-58015EFDAE87}.Debug|Any CPU.Build.0 = Debug|Any CPU
		{ECDC3D02-067E-4D6F-9DF2-58015EFDAE87}.Debug|Mixed Platforms.ActiveCfg = Debug|Any CPU
		{ECDC3D02-067E-4D6F-9DF2-58015EFDAE87}.Debug|Mixed Platforms.Build.0 = Debug|Any CPU
		{ECDC3D02-067E-4D6F-9DF2-58015EFDAE87}.Debug|Win32.ActiveCfg = Debug|Any CPU
		{ECDC3D02-067E-4D6F-9DF2-58015EFDAE87}.Debug|x86.ActiveCfg = Debug|Any CPU
		{ECDC3D02-067E-4D6F-9DF2-58015EFDAE87}.Release|Any CPU.ActiveCfg = Release|Any CPU
		{ECDC3D02-067E-4D6F-9DF2-58015EFDAE87}.Release|Any CPU.Build.0 = Release|Any CPU
		{ECDC3D02-067E-4D6F-9DF2-58015EFDAE87}.Release|Mixed Platforms.ActiveCfg = Release|Any CPU
		{ECDC3D02-067E-4D6F-9DF2-58015EFDAE87}.Release|Mixed Platforms.Build.0 = Release|Any CPU
		{ECDC3D02-067E-4D6F-9DF2-58015EFDAE87}.Release|Win32.ActiveCfg = Release|Any CPU
		{ECDC3D02-067E-4D6F-9DF2-58015EFDAE87}.Release|x86.ActiveCfg = Release|Any CPU
		{E598B157-1063-4652-A4BE-DD54E02C23FB}.Debug|Any CPU.ActiveCfg = Debug|Any CPU
		{E598B157-1063-4652-A4BE-DD54E02C23FB}.Debug|Any CPU.Build.0 = Debug|Any CPU
		{E598B157-1063-4652-A4BE-DD54E02C23FB}.Debug|Mixed Platforms.ActiveCfg = Debug|Any CPU
		{E598B157-1063-4652-A4BE-DD54E02C23FB}.Debug|Mixed Platforms.Build.0 = Debug|Any CPU
		{E598B157-1063-4652-A4BE-DD54E02C23FB}.Debug|Win32.ActiveCfg = Debug|Any CPU
		{E598B157-1063-4652-A4BE-DD54E02C23FB}.Debug|x86.ActiveCfg = Debug|Any CPU
		{E598B157-1063-4652-A4BE-DD54E02C23FB}.Release|Any CPU.ActiveCfg = Release|Any CPU
		{E598B157-1063-4652-A4BE-DD54E02C23FB}.Release|Any CPU.Build.0 = Release|Any CPU
		{E598B157-1063-4652-A4BE-DD54E02C23FB}.Release|Mixed Platforms.ActiveCfg = Release|Any CPU
		{E598B157-1063-4652-A4BE-DD54E02C23FB}.Release|Mixed Platforms.Build.0 = Release|Any CPU
		{E598B157-1063-4652-A4BE-DD54E02C23FB}.Release|Win32.ActiveCfg = Release|Any CPU
		{E598B157-1063-4652-A4BE-DD54E02C23FB}.Release|x86.ActiveCfg = Release|Any CPU
		{560D8E81-795B-456F-A9F1-7166B3BE13B1}.Debug|Any CPU.ActiveCfg = Debug|Any CPU
		{560D8E81-795B-456F-A9F1-7166B3BE13B1}.Debug|Any CPU.Build.0 = Debug|Any CPU
		{560D8E81-795B-456F-A9F1-7166B3BE13B1}.Debug|Mixed Platforms.ActiveCfg = Debug|Any CPU
		{560D8E81-795B-456F-A9F1-7166B3BE13B1}.Debug|Mixed Platforms.Build.0 = Debug|Any CPU
		{560D8E81-795B-456F-A9F1-7166B3BE13B1}.Debug|Win32.ActiveCfg = Debug|Any CPU
		{560D8E81-795B-456F-A9F1-7166B3BE13B1}.Debug|x86.ActiveCfg = Debug|Any CPU
		{560D8E81-795B-456F-A9F1-7166B3BE13B1}.Release|Any CPU.ActiveCfg = Release|Any CPU
		{560D8E81-795B-456F-A9F1-7166B3BE13B1}.Release|Any CPU.Build.0 = Release|Any CPU
		{560D8E81-795B-456F-A9F1-7166B3BE13B1}.Release|Mixed Platforms.ActiveCfg = Release|Any CPU
		{560D8E81-795B-456F-A9F1-7166B3BE13B1}.Release|Mixed Platforms.Build.0 = Release|Any CPU
		{560D8E81-795B-456F-A9F1-7166B3BE13B1}.Release|Win32.ActiveCfg = Release|Any CPU
		{560D8E81-795B-456F-A9F1-7166B3BE13B1}.Release|x86.ActiveCfg = Release|Any CPU
		{4DB7B813-449C-42E8-8424-52C62CB4B8EB}.Debug|Any CPU.ActiveCfg = Debug|Win32
		{4DB7B813-449C-42E8-8424-52C62CB4B8EB}.Debug|Any CPU.Build.0 = Debug|Win32
		{4DB7B813-449C-42E8-8424-52C62CB4B8EB}.Debug|Mixed Platforms.ActiveCfg = Debug|Win32
		{4DB7B813-449C-42E8-8424-52C62CB4B8EB}.Debug|Mixed Platforms.Build.0 = Debug|Win32
		{4DB7B813-449C-42E8-8424-52C62CB4B8EB}.Debug|Win32.ActiveCfg = Debug|Win32
		{4DB7B813-449C-42E8-8424-52C62CB4B8EB}.Debug|Win32.Build.0 = Debug|Win32
		{4DB7B813-449C-42E8-8424-52C62CB4B8EB}.Debug|x86.ActiveCfg = Debug|Win32
		{4DB7B813-449C-42E8-8424-52C62CB4B8EB}.Release|Any CPU.ActiveCfg = Release|Win32
		{4DB7B813-449C-42E8-8424-52C62CB4B8EB}.Release|Any CPU.Build.0 = Release|Win32
		{4DB7B813-449C-42E8-8424-52C62CB4B8EB}.Release|Mixed Platforms.ActiveCfg = Release|Win32
		{4DB7B813-449C-42E8-8424-52C62CB4B8EB}.Release|Mixed Platforms.Build.0 = Release|Win32
		{4DB7B813-449C-42E8-8424-52C62CB4B8EB}.Release|Win32.ActiveCfg = Release|Win32
		{4DB7B813-449C-42E8-8424-52C62CB4B8EB}.Release|Win32.Build.0 = Release|Win32
		{4DB7B813-449C-42E8-8424-52C62CB4B8EB}.Release|x86.ActiveCfg = Release|Win32
		{90BDF391-AE05-4CDB-8B62-7DD588C29001}.Debug|Any CPU.ActiveCfg = Debug|x86
		{90BDF391-AE05-4CDB-8B62-7DD588C29001}.Debug|Mixed Platforms.ActiveCfg = Debug|x86
		{90BDF391-AE05-4CDB-8B62-7DD588C29001}.Debug|Mixed Platforms.Build.0 = Debug|x86
		{90BDF391-AE05-4CDB-8B62-7DD588C29001}.Debug|Win32.ActiveCfg = Debug|x86
		{90BDF391-AE05-4CDB-8B62-7DD588C29001}.Debug|x86.ActiveCfg = Debug|x86
		{90BDF391-AE05-4CDB-8B62-7DD588C29001}.Debug|x86.Build.0 = Debug|x86
		{90BDF391-AE05-4CDB-8B62-7DD588C29001}.Release|Any CPU.ActiveCfg = Release|x86
		{90BDF391-AE05-4CDB-8B62-7DD588C29001}.Release|Mixed Platforms.ActiveCfg = Release|x86
		{90BDF391-AE05-4CDB-8B62-7DD588C29001}.Release|Mixed Platforms.Build.0 = Release|x86
		{90BDF391-AE05-4CDB-8B62-7DD588C29001}.Release|Win32.ActiveCfg = Release|x86
		{90BDF391-AE05-4CDB-8B62-7DD588C29001}.Release|x86.ActiveCfg = Release|x86
		{90BDF391-AE05-4CDB-8B62-7DD588C29001}.Release|x86.Build.0 = Release|x86
	EndGlobalSection
	GlobalSection(SolutionProperties) = preSolution
		HideSolutionNode = FALSE
	EndGlobalSection
	GlobalSection(NestedProjects) = preSolution
		{ECDC3D02-067E-4D6F-9DF2-58015EFDAE87} = {3BF3752F-F50D-44DF-84C5-10BA1B5ABC22}
		{560D8E81-795B-456F-A9F1-7166B3BE13B1} = {3BF3752F-F50D-44DF-84C5-10BA1B5ABC22}
		{4DB7B813-449C-42E8-8424-52C62CB4B8EB} = {3BF3752F-F50D-44DF-84C5-10BA1B5ABC22}
		{90BDF391-AE05-4CDB-8B62-7DD588C29001} = {F588ACEA-9B25-40DF-BE2F-4CFB44C7147C}
		{E598B157-1063-4652-A4BE-DD54E02C23FB} = {7E955526-8715-4399-984C-CB96BF2A158B}
	EndGlobalSection
EndGlobal
