
Microsoft Visual Studio Solution File, Format Version 12.00
# Visual Studio 2012
Project("{FAE04EC0-301F-11D3-BF4B-00C04F79EFBC}") = "Pigeoid.Core", "src\Pigeoid.Core\Pigeoid.Core.csproj", "{ECDC3D02-067E-4D6F-9DF2-58015EFDAE87}"
EndProject
Project("{2150E333-8FDC-42A3-9474-1A3956D46DE8}") = "src", "src", "{3BF3752F-F50D-44DF-84C5-10BA1B5ABC22}"
	ProjectSection(SolutionItems) = preProject
		src\PigeoidAssemblyInfo.cs = src\PigeoidAssemblyInfo.cs
	EndProjectSection
EndProject
Project("{2150E333-8FDC-42A3-9474-1A3956D46DE8}") = "build", "build", "{F588ACEA-9B25-40DF-BE2F-4CFB44C7147C}"
EndProject
Project("{2150E333-8FDC-42A3-9474-1A3956D46DE8}") = "test", "test", "{7E955526-8715-4399-984C-CB96BF2A158B}"
EndProject
Project("{FAE04EC0-301F-11D3-BF4B-00C04F79EFBC}") = "Pigeoid.Interop.Proj4", "src\Pigeoid.Interop.Proj4\Pigeoid.Interop.Proj4.csproj", "{560D8E81-795B-456F-A9F1-7166B3BE13B1}"
EndProject
Project("{FAE04EC0-301F-11D3-BF4B-00C04F79EFBC}") = "Pigeoid.Epsg.DataTransmogrifier", "build\Pigeoid.Epsg.DataTransmogrifier\Pigeoid.Epsg.DataTransmogrifier.csproj", "{90BDF391-AE05-4CDB-8B62-7DD588C29001}"
EndProject
Project("{FAE04EC0-301F-11D3-BF4B-00C04F79EFBC}") = "Pigeoid.Epsg", "src\Pigeoid.Epsg\Pigeoid.Epsg.csproj", "{4DB9EE8B-B0A8-4EFD-8C2B-C2DFCA51A2DE}"
EndProject
Project("{2150E333-8FDC-42A3-9474-1A3956D46DE8}") = "Solution Items", "Solution Items", "{8964A867-824D-44EB-857D-41C46AF5910E}"
EndProject
Project("{FAE04EC0-301F-11D3-BF4B-00C04F79EFBC}") = "Pigeoid.Epsg.DbRepository", "build\Pigeoid.Epsg.DbRepository\Pigeoid.Epsg.DbRepository.csproj", "{4D930C82-3FDF-4B55-A57B-6295B4459CD7}"
EndProject
Project("{FAE04EC0-301F-11D3-BF4B-00C04F79EFBC}") = "Pigeoid.Epsg.ResourceData.Test", "test\Pigeoid.Epsg.ResourceData.Test\Pigeoid.Epsg.ResourceData.Test.csproj", "{B7373B82-C89A-4015-834A-727175286A1B}"
EndProject
Project("{FAE04EC0-301F-11D3-BF4B-00C04F79EFBC}") = "Pigeoid.Core.Test", "test\Pigeoid.Core.Test\Pigeoid.Core.Test.csproj", "{E598B157-1063-4652-A4BE-DD54E02C23FB}"
EndProject
Project("{FAE04EC0-301F-11D3-BF4B-00C04F79EFBC}") = "Pigeoid.Epsg.ProjectionTest", "test\Pigeoid.Epsg.ProjectionTest\Pigeoid.Epsg.ProjectionTest.csproj", "{5157ED5D-299A-4860-BA03-7AB32BC51371}"
EndProject
Project("{FAE04EC0-301F-11D3-BF4B-00C04F79EFBC}") = "Pigeoid.GoldData", "test\Pigeoid.GoldData\Pigeoid.GoldData.csproj", "{C6EAB9F1-4132-4878-BAA2-535354A68899}"
EndProject
Project("{2150E333-8FDC-42A3-9474-1A3956D46DE8}") = ".nuget", ".nuget", "{849B0886-64FD-4964-A845-BB88727B222F}"
	ProjectSection(SolutionItems) = preProject
		.nuget\NuGet.Config = .nuget\NuGet.Config
		.nuget\NuGet.exe = .nuget\NuGet.exe
		.nuget\NuGet.targets = .nuget\NuGet.targets
	EndProjectSection
EndProject
Project("{FAE04EC0-301F-11D3-BF4B-00C04F79EFBC}") = "Pigeoid.Epsg.Transform.Test", "test\Pigeoid.Epsg.Transform.Test\Pigeoid.Epsg.Transform.Test.csproj", "{A580A78D-7975-42E4-89CA-831690872299}"
EndProject
Global
	GlobalSection(SolutionConfigurationPlatforms) = preSolution
		Debug|Any CPU = Debug|Any CPU
		Debug|Mixed Platforms = Debug|Mixed Platforms
		Debug|Win32 = Debug|Win32
		Debug|x86 = Debug|x86
		EpsgData|Any CPU = EpsgData|Any CPU
		EpsgData|Mixed Platforms = EpsgData|Mixed Platforms
		EpsgData|Win32 = EpsgData|Win32
		EpsgData|x86 = EpsgData|x86
		Release|Any CPU = Release|Any CPU
		Release|Mixed Platforms = Release|Mixed Platforms
		Release|Win32 = Release|Win32
		Release|x86 = Release|x86
	EndGlobalSection
	GlobalSection(ProjectConfigurationPlatforms) = postSolution
		{ECDC3D02-067E-4D6F-9DF2-58015EFDAE87}.Debug|Any CPU.ActiveCfg = Debug|Any CPU
		{ECDC3D02-067E-4D6F-9DF2-58015EFDAE87}.Debug|Any CPU.Build.0 = Debug|Any CPU
		{ECDC3D02-067E-4D6F-9DF2-58015EFDAE87}.Debug|Mixed Platforms.ActiveCfg = Debug|Any CPU
		{ECDC3D02-067E-4D6F-9DF2-58015EFDAE87}.Debug|Mixed Platforms.Build.0 = Debug|Any CPU
		{ECDC3D02-067E-4D6F-9DF2-58015EFDAE87}.Debug|Win32.ActiveCfg = Debug|Any CPU
		{ECDC3D02-067E-4D6F-9DF2-58015EFDAE87}.Debug|x86.ActiveCfg = Debug|Any CPU
		{ECDC3D02-067E-4D6F-9DF2-58015EFDAE87}.EpsgData|Any CPU.ActiveCfg = Debug|Any CPU
		{ECDC3D02-067E-4D6F-9DF2-58015EFDAE87}.EpsgData|Any CPU.Build.0 = Debug|Any CPU
		{ECDC3D02-067E-4D6F-9DF2-58015EFDAE87}.EpsgData|Mixed Platforms.ActiveCfg = Debug|Any CPU
		{ECDC3D02-067E-4D6F-9DF2-58015EFDAE87}.EpsgData|Mixed Platforms.Build.0 = Debug|Any CPU
		{ECDC3D02-067E-4D6F-9DF2-58015EFDAE87}.EpsgData|Win32.ActiveCfg = Debug|Any CPU
		{ECDC3D02-067E-4D6F-9DF2-58015EFDAE87}.EpsgData|x86.ActiveCfg = Debug|Any CPU
		{ECDC3D02-067E-4D6F-9DF2-58015EFDAE87}.Release|Any CPU.ActiveCfg = Release|Any CPU
		{ECDC3D02-067E-4D6F-9DF2-58015EFDAE87}.Release|Any CPU.Build.0 = Release|Any CPU
		{ECDC3D02-067E-4D6F-9DF2-58015EFDAE87}.Release|Mixed Platforms.ActiveCfg = Release|Any CPU
		{ECDC3D02-067E-4D6F-9DF2-58015EFDAE87}.Release|Mixed Platforms.Build.0 = Release|Any CPU
		{ECDC3D02-067E-4D6F-9DF2-58015EFDAE87}.Release|Win32.ActiveCfg = Release|Any CPU
		{ECDC3D02-067E-4D6F-9DF2-58015EFDAE87}.Release|x86.ActiveCfg = Release|Any CPU
		{560D8E81-795B-456F-A9F1-7166B3BE13B1}.Debug|Any CPU.ActiveCfg = Debug|Any CPU
		{560D8E81-795B-456F-A9F1-7166B3BE13B1}.Debug|Any CPU.Build.0 = Debug|Any CPU
		{560D8E81-795B-456F-A9F1-7166B3BE13B1}.Debug|Mixed Platforms.ActiveCfg = Debug|Any CPU
		{560D8E81-795B-456F-A9F1-7166B3BE13B1}.Debug|Mixed Platforms.Build.0 = Debug|Any CPU
		{560D8E81-795B-456F-A9F1-7166B3BE13B1}.Debug|Win32.ActiveCfg = Debug|Any CPU
		{560D8E81-795B-456F-A9F1-7166B3BE13B1}.Debug|x86.ActiveCfg = Debug|Any CPU
		{560D8E81-795B-456F-A9F1-7166B3BE13B1}.EpsgData|Any CPU.ActiveCfg = Debug|Any CPU
		{560D8E81-795B-456F-A9F1-7166B3BE13B1}.EpsgData|Mixed Platforms.ActiveCfg = Debug|Any CPU
		{560D8E81-795B-456F-A9F1-7166B3BE13B1}.EpsgData|Win32.ActiveCfg = Debug|Any CPU
		{560D8E81-795B-456F-A9F1-7166B3BE13B1}.EpsgData|x86.ActiveCfg = Debug|Any CPU
		{560D8E81-795B-456F-A9F1-7166B3BE13B1}.Release|Any CPU.ActiveCfg = Release|Any CPU
		{560D8E81-795B-456F-A9F1-7166B3BE13B1}.Release|Any CPU.Build.0 = Release|Any CPU
		{560D8E81-795B-456F-A9F1-7166B3BE13B1}.Release|Mixed Platforms.ActiveCfg = Release|Any CPU
		{560D8E81-795B-456F-A9F1-7166B3BE13B1}.Release|Mixed Platforms.Build.0 = Release|Any CPU
		{560D8E81-795B-456F-A9F1-7166B3BE13B1}.Release|Win32.ActiveCfg = Release|Any CPU
		{560D8E81-795B-456F-A9F1-7166B3BE13B1}.Release|x86.ActiveCfg = Release|Any CPU
		{90BDF391-AE05-4CDB-8B62-7DD588C29001}.Debug|Any CPU.ActiveCfg = Debug|x86
		{90BDF391-AE05-4CDB-8B62-7DD588C29001}.Debug|Mixed Platforms.ActiveCfg = Debug|x86
		{90BDF391-AE05-4CDB-8B62-7DD588C29001}.Debug|Win32.ActiveCfg = Debug|x86
		{90BDF391-AE05-4CDB-8B62-7DD588C29001}.Debug|x86.ActiveCfg = Debug|x86
		{90BDF391-AE05-4CDB-8B62-7DD588C29001}.Debug|x86.Build.0 = Debug|x86
		{90BDF391-AE05-4CDB-8B62-7DD588C29001}.EpsgData|Any CPU.ActiveCfg = Debug|x86
		{90BDF391-AE05-4CDB-8B62-7DD588C29001}.EpsgData|Any CPU.Build.0 = Debug|x86
		{90BDF391-AE05-4CDB-8B62-7DD588C29001}.EpsgData|Mixed Platforms.ActiveCfg = Debug|x86
		{90BDF391-AE05-4CDB-8B62-7DD588C29001}.EpsgData|Mixed Platforms.Build.0 = Debug|x86
		{90BDF391-AE05-4CDB-8B62-7DD588C29001}.EpsgData|Win32.ActiveCfg = Debug|x86
		{90BDF391-AE05-4CDB-8B62-7DD588C29001}.EpsgData|x86.ActiveCfg = Debug|x86
		{90BDF391-AE05-4CDB-8B62-7DD588C29001}.EpsgData|x86.Build.0 = Debug|x86
		{90BDF391-AE05-4CDB-8B62-7DD588C29001}.Release|Any CPU.ActiveCfg = Release|x86
		{90BDF391-AE05-4CDB-8B62-7DD588C29001}.Release|Mixed Platforms.ActiveCfg = Release|x86
		{90BDF391-AE05-4CDB-8B62-7DD588C29001}.Release|Win32.ActiveCfg = Release|x86
		{90BDF391-AE05-4CDB-8B62-7DD588C29001}.Release|x86.ActiveCfg = Release|x86
		{90BDF391-AE05-4CDB-8B62-7DD588C29001}.Release|x86.Build.0 = Release|x86
		{4DB9EE8B-B0A8-4EFD-8C2B-C2DFCA51A2DE}.Debug|Any CPU.ActiveCfg = Debug|Any CPU
		{4DB9EE8B-B0A8-4EFD-8C2B-C2DFCA51A2DE}.Debug|Any CPU.Build.0 = Debug|Any CPU
		{4DB9EE8B-B0A8-4EFD-8C2B-C2DFCA51A2DE}.Debug|Mixed Platforms.ActiveCfg = Debug|Any CPU
		{4DB9EE8B-B0A8-4EFD-8C2B-C2DFCA51A2DE}.Debug|Mixed Platforms.Build.0 = Debug|Any CPU
		{4DB9EE8B-B0A8-4EFD-8C2B-C2DFCA51A2DE}.Debug|Win32.ActiveCfg = Debug|Any CPU
		{4DB9EE8B-B0A8-4EFD-8C2B-C2DFCA51A2DE}.Debug|x86.ActiveCfg = Debug|Any CPU
		{4DB9EE8B-B0A8-4EFD-8C2B-C2DFCA51A2DE}.EpsgData|Any CPU.ActiveCfg = Debug|Any CPU
		{4DB9EE8B-B0A8-4EFD-8C2B-C2DFCA51A2DE}.EpsgData|Any CPU.Build.0 = Debug|Any CPU
		{4DB9EE8B-B0A8-4EFD-8C2B-C2DFCA51A2DE}.EpsgData|Mixed Platforms.ActiveCfg = Debug|Any CPU
		{4DB9EE8B-B0A8-4EFD-8C2B-C2DFCA51A2DE}.EpsgData|Mixed Platforms.Build.0 = Debug|Any CPU
		{4DB9EE8B-B0A8-4EFD-8C2B-C2DFCA51A2DE}.EpsgData|Win32.ActiveCfg = Debug|Any CPU
		{4DB9EE8B-B0A8-4EFD-8C2B-C2DFCA51A2DE}.EpsgData|x86.ActiveCfg = Debug|Any CPU
		{4DB9EE8B-B0A8-4EFD-8C2B-C2DFCA51A2DE}.Release|Any CPU.ActiveCfg = Release|Any CPU
		{4DB9EE8B-B0A8-4EFD-8C2B-C2DFCA51A2DE}.Release|Any CPU.Build.0 = Release|Any CPU
		{4DB9EE8B-B0A8-4EFD-8C2B-C2DFCA51A2DE}.Release|Mixed Platforms.ActiveCfg = Release|Any CPU
		{4DB9EE8B-B0A8-4EFD-8C2B-C2DFCA51A2DE}.Release|Mixed Platforms.Build.0 = Release|Any CPU
		{4DB9EE8B-B0A8-4EFD-8C2B-C2DFCA51A2DE}.Release|Win32.ActiveCfg = Release|Any CPU
		{4DB9EE8B-B0A8-4EFD-8C2B-C2DFCA51A2DE}.Release|x86.ActiveCfg = Release|Any CPU
		{4D930C82-3FDF-4B55-A57B-6295B4459CD7}.Debug|Any CPU.ActiveCfg = Debug|Any CPU
		{4D930C82-3FDF-4B55-A57B-6295B4459CD7}.Debug|Mixed Platforms.ActiveCfg = Debug|Any CPU
		{4D930C82-3FDF-4B55-A57B-6295B4459CD7}.Debug|Win32.ActiveCfg = Debug|Any CPU
		{4D930C82-3FDF-4B55-A57B-6295B4459CD7}.Debug|x86.ActiveCfg = Debug|Any CPU
		{4D930C82-3FDF-4B55-A57B-6295B4459CD7}.EpsgData|Any CPU.ActiveCfg = Debug|Any CPU
		{4D930C82-3FDF-4B55-A57B-6295B4459CD7}.EpsgData|Any CPU.Build.0 = Debug|Any CPU
		{4D930C82-3FDF-4B55-A57B-6295B4459CD7}.EpsgData|Mixed Platforms.ActiveCfg = Debug|Any CPU
		{4D930C82-3FDF-4B55-A57B-6295B4459CD7}.EpsgData|Mixed Platforms.Build.0 = Debug|Any CPU
		{4D930C82-3FDF-4B55-A57B-6295B4459CD7}.EpsgData|Win32.ActiveCfg = Debug|Any CPU
		{4D930C82-3FDF-4B55-A57B-6295B4459CD7}.EpsgData|x86.ActiveCfg = Debug|Any CPU
		{4D930C82-3FDF-4B55-A57B-6295B4459CD7}.Release|Any CPU.ActiveCfg = Release|Any CPU
		{4D930C82-3FDF-4B55-A57B-6295B4459CD7}.Release|Mixed Platforms.ActiveCfg = Release|Any CPU
		{4D930C82-3FDF-4B55-A57B-6295B4459CD7}.Release|Win32.ActiveCfg = Release|Any CPU
		{4D930C82-3FDF-4B55-A57B-6295B4459CD7}.Release|x86.ActiveCfg = Release|Any CPU
		{B7373B82-C89A-4015-834A-727175286A1B}.Debug|Any CPU.ActiveCfg = Debug|Any CPU
		{B7373B82-C89A-4015-834A-727175286A1B}.Debug|Mixed Platforms.ActiveCfg = Debug|Any CPU
		{B7373B82-C89A-4015-834A-727175286A1B}.Debug|Win32.ActiveCfg = Debug|Any CPU
		{B7373B82-C89A-4015-834A-727175286A1B}.Debug|x86.ActiveCfg = Debug|Any CPU
		{B7373B82-C89A-4015-834A-727175286A1B}.EpsgData|Any CPU.ActiveCfg = Debug|Any CPU
		{B7373B82-C89A-4015-834A-727175286A1B}.EpsgData|Any CPU.Build.0 = Debug|Any CPU
		{B7373B82-C89A-4015-834A-727175286A1B}.EpsgData|Mixed Platforms.ActiveCfg = Debug|Any CPU
		{B7373B82-C89A-4015-834A-727175286A1B}.EpsgData|Mixed Platforms.Build.0 = Debug|Any CPU
		{B7373B82-C89A-4015-834A-727175286A1B}.EpsgData|Win32.ActiveCfg = Debug|Any CPU
		{B7373B82-C89A-4015-834A-727175286A1B}.EpsgData|x86.ActiveCfg = Debug|Any CPU
		{B7373B82-C89A-4015-834A-727175286A1B}.Release|Any CPU.ActiveCfg = Release|Any CPU
		{B7373B82-C89A-4015-834A-727175286A1B}.Release|Mixed Platforms.ActiveCfg = Release|Any CPU
		{B7373B82-C89A-4015-834A-727175286A1B}.Release|Win32.ActiveCfg = Release|Any CPU
		{B7373B82-C89A-4015-834A-727175286A1B}.Release|x86.ActiveCfg = Release|Any CPU
		{E598B157-1063-4652-A4BE-DD54E02C23FB}.Debug|Any CPU.ActiveCfg = Debug|Any CPU
		{E598B157-1063-4652-A4BE-DD54E02C23FB}.Debug|Any CPU.Build.0 = Debug|Any CPU
		{E598B157-1063-4652-A4BE-DD54E02C23FB}.Debug|Mixed Platforms.ActiveCfg = Debug|Any CPU
		{E598B157-1063-4652-A4BE-DD54E02C23FB}.Debug|Mixed Platforms.Build.0 = Debug|Any CPU
		{E598B157-1063-4652-A4BE-DD54E02C23FB}.Debug|Win32.ActiveCfg = Debug|Any CPU
		{E598B157-1063-4652-A4BE-DD54E02C23FB}.Debug|x86.ActiveCfg = Debug|Any CPU
		{E598B157-1063-4652-A4BE-DD54E02C23FB}.EpsgData|Any CPU.ActiveCfg = Debug|Any CPU
		{E598B157-1063-4652-A4BE-DD54E02C23FB}.EpsgData|Any CPU.Build.0 = Debug|Any CPU
		{E598B157-1063-4652-A4BE-DD54E02C23FB}.EpsgData|Mixed Platforms.ActiveCfg = Debug|Any CPU
		{E598B157-1063-4652-A4BE-DD54E02C23FB}.EpsgData|Win32.ActiveCfg = Debug|Any CPU
		{E598B157-1063-4652-A4BE-DD54E02C23FB}.EpsgData|x86.ActiveCfg = Debug|Any CPU
		{E598B157-1063-4652-A4BE-DD54E02C23FB}.Release|Any CPU.ActiveCfg = Release|Any CPU
		{E598B157-1063-4652-A4BE-DD54E02C23FB}.Release|Any CPU.Build.0 = Release|Any CPU
		{E598B157-1063-4652-A4BE-DD54E02C23FB}.Release|Mixed Platforms.ActiveCfg = Release|Any CPU
		{E598B157-1063-4652-A4BE-DD54E02C23FB}.Release|Mixed Platforms.Build.0 = Release|Any CPU
		{E598B157-1063-4652-A4BE-DD54E02C23FB}.Release|Win32.ActiveCfg = Release|Any CPU
		{E598B157-1063-4652-A4BE-DD54E02C23FB}.Release|x86.ActiveCfg = Release|Any CPU
		{5157ED5D-299A-4860-BA03-7AB32BC51371}.Debug|Any CPU.ActiveCfg = Debug|x86
		{5157ED5D-299A-4860-BA03-7AB32BC51371}.Debug|Any CPU.Build.0 = Debug|x86
		{5157ED5D-299A-4860-BA03-7AB32BC51371}.Debug|Mixed Platforms.ActiveCfg = Debug|x86
		{5157ED5D-299A-4860-BA03-7AB32BC51371}.Debug|Mixed Platforms.Build.0 = Debug|x86
		{5157ED5D-299A-4860-BA03-7AB32BC51371}.Debug|Win32.ActiveCfg = Debug|x86
		{5157ED5D-299A-4860-BA03-7AB32BC51371}.Debug|x86.ActiveCfg = Debug|x86
		{5157ED5D-299A-4860-BA03-7AB32BC51371}.Debug|x86.Build.0 = Debug|x86
		{5157ED5D-299A-4860-BA03-7AB32BC51371}.EpsgData|Any CPU.ActiveCfg = Release|x86
		{5157ED5D-299A-4860-BA03-7AB32BC51371}.EpsgData|Any CPU.Build.0 = Release|x86
		{5157ED5D-299A-4860-BA03-7AB32BC51371}.EpsgData|Mixed Platforms.ActiveCfg = Release|x86
		{5157ED5D-299A-4860-BA03-7AB32BC51371}.EpsgData|Mixed Platforms.Build.0 = Release|x86
		{5157ED5D-299A-4860-BA03-7AB32BC51371}.EpsgData|Win32.ActiveCfg = Release|x86
		{5157ED5D-299A-4860-BA03-7AB32BC51371}.EpsgData|x86.ActiveCfg = Release|x86
		{5157ED5D-299A-4860-BA03-7AB32BC51371}.EpsgData|x86.Build.0 = Release|x86
		{5157ED5D-299A-4860-BA03-7AB32BC51371}.Release|Any CPU.ActiveCfg = Release|x86
		{5157ED5D-299A-4860-BA03-7AB32BC51371}.Release|Any CPU.Build.0 = Release|x86
		{5157ED5D-299A-4860-BA03-7AB32BC51371}.Release|Mixed Platforms.ActiveCfg = Release|x86
		{5157ED5D-299A-4860-BA03-7AB32BC51371}.Release|Mixed Platforms.Build.0 = Release|x86
		{5157ED5D-299A-4860-BA03-7AB32BC51371}.Release|Win32.ActiveCfg = Release|x86
		{5157ED5D-299A-4860-BA03-7AB32BC51371}.Release|x86.ActiveCfg = Release|x86
		{5157ED5D-299A-4860-BA03-7AB32BC51371}.Release|x86.Build.0 = Release|x86
		{C6EAB9F1-4132-4878-BAA2-535354A68899}.Debug|Any CPU.ActiveCfg = Debug|Any CPU
		{C6EAB9F1-4132-4878-BAA2-535354A68899}.Debug|Any CPU.Build.0 = Debug|Any CPU
		{C6EAB9F1-4132-4878-BAA2-535354A68899}.Debug|Mixed Platforms.ActiveCfg = Debug|Any CPU
		{C6EAB9F1-4132-4878-BAA2-535354A68899}.Debug|Mixed Platforms.Build.0 = Debug|Any CPU
		{C6EAB9F1-4132-4878-BAA2-535354A68899}.Debug|Win32.ActiveCfg = Debug|Any CPU
		{C6EAB9F1-4132-4878-BAA2-535354A68899}.Debug|x86.ActiveCfg = Debug|Any CPU
		{C6EAB9F1-4132-4878-BAA2-535354A68899}.EpsgData|Any CPU.ActiveCfg = Release|Any CPU
		{C6EAB9F1-4132-4878-BAA2-535354A68899}.EpsgData|Any CPU.Build.0 = Release|Any CPU
		{C6EAB9F1-4132-4878-BAA2-535354A68899}.EpsgData|Mixed Platforms.ActiveCfg = Release|Any CPU
		{C6EAB9F1-4132-4878-BAA2-535354A68899}.EpsgData|Mixed Platforms.Build.0 = Release|Any CPU
		{C6EAB9F1-4132-4878-BAA2-535354A68899}.EpsgData|Win32.ActiveCfg = Release|Any CPU
		{C6EAB9F1-4132-4878-BAA2-535354A68899}.EpsgData|x86.ActiveCfg = Release|Any CPU
		{C6EAB9F1-4132-4878-BAA2-535354A68899}.Release|Any CPU.ActiveCfg = Release|Any CPU
		{C6EAB9F1-4132-4878-BAA2-535354A68899}.Release|Any CPU.Build.0 = Release|Any CPU
		{C6EAB9F1-4132-4878-BAA2-535354A68899}.Release|Mixed Platforms.ActiveCfg = Release|Any CPU
		{C6EAB9F1-4132-4878-BAA2-535354A68899}.Release|Mixed Platforms.Build.0 = Release|Any CPU
		{C6EAB9F1-4132-4878-BAA2-535354A68899}.Release|Win32.ActiveCfg = Release|Any CPU
		{C6EAB9F1-4132-4878-BAA2-535354A68899}.Release|x86.ActiveCfg = Release|Any CPU
		{A580A78D-7975-42E4-89CA-831690872299}.Debug|Any CPU.ActiveCfg = Debug|Any CPU
		{A580A78D-7975-42E4-89CA-831690872299}.Debug|Any CPU.Build.0 = Debug|Any CPU
		{A580A78D-7975-42E4-89CA-831690872299}.Debug|Mixed Platforms.ActiveCfg = Debug|Any CPU
		{A580A78D-7975-42E4-89CA-831690872299}.Debug|Mixed Platforms.Build.0 = Debug|Any CPU
		{A580A78D-7975-42E4-89CA-831690872299}.Debug|Win32.ActiveCfg = Debug|Any CPU
		{A580A78D-7975-42E4-89CA-831690872299}.Debug|x86.ActiveCfg = Debug|Any CPU
		{A580A78D-7975-42E4-89CA-831690872299}.EpsgData|Any CPU.ActiveCfg = Release|Any CPU
		{A580A78D-7975-42E4-89CA-831690872299}.EpsgData|Any CPU.Build.0 = Release|Any CPU
		{A580A78D-7975-42E4-89CA-831690872299}.EpsgData|Mixed Platforms.ActiveCfg = Release|Any CPU
		{A580A78D-7975-42E4-89CA-831690872299}.EpsgData|Mixed Platforms.Build.0 = Release|Any CPU
		{A580A78D-7975-42E4-89CA-831690872299}.EpsgData|Win32.ActiveCfg = Release|Any CPU
		{A580A78D-7975-42E4-89CA-831690872299}.EpsgData|x86.ActiveCfg = Release|Any CPU
		{A580A78D-7975-42E4-89CA-831690872299}.Release|Any CPU.ActiveCfg = Release|Any CPU
		{A580A78D-7975-42E4-89CA-831690872299}.Release|Any CPU.Build.0 = Release|Any CPU
		{A580A78D-7975-42E4-89CA-831690872299}.Release|Mixed Platforms.ActiveCfg = Release|Any CPU
		{A580A78D-7975-42E4-89CA-831690872299}.Release|Mixed Platforms.Build.0 = Release|Any CPU
		{A580A78D-7975-42E4-89CA-831690872299}.Release|Win32.ActiveCfg = Release|Any CPU
		{A580A78D-7975-42E4-89CA-831690872299}.Release|x86.ActiveCfg = Release|Any CPU
	EndGlobalSection
	GlobalSection(SolutionProperties) = preSolution
		HideSolutionNode = FALSE
	EndGlobalSection
	GlobalSection(NestedProjects) = preSolution
		{ECDC3D02-067E-4D6F-9DF2-58015EFDAE87} = {3BF3752F-F50D-44DF-84C5-10BA1B5ABC22}
		{560D8E81-795B-456F-A9F1-7166B3BE13B1} = {3BF3752F-F50D-44DF-84C5-10BA1B5ABC22}
		{4DB9EE8B-B0A8-4EFD-8C2B-C2DFCA51A2DE} = {3BF3752F-F50D-44DF-84C5-10BA1B5ABC22}
		{90BDF391-AE05-4CDB-8B62-7DD588C29001} = {F588ACEA-9B25-40DF-BE2F-4CFB44C7147C}
		{4D930C82-3FDF-4B55-A57B-6295B4459CD7} = {F588ACEA-9B25-40DF-BE2F-4CFB44C7147C}
		{B7373B82-C89A-4015-834A-727175286A1B} = {7E955526-8715-4399-984C-CB96BF2A158B}
		{E598B157-1063-4652-A4BE-DD54E02C23FB} = {7E955526-8715-4399-984C-CB96BF2A158B}
		{5157ED5D-299A-4860-BA03-7AB32BC51371} = {7E955526-8715-4399-984C-CB96BF2A158B}
		{C6EAB9F1-4132-4878-BAA2-535354A68899} = {7E955526-8715-4399-984C-CB96BF2A158B}
		{A580A78D-7975-42E4-89CA-831690872299} = {7E955526-8715-4399-984C-CB96BF2A158B}
	EndGlobalSection
EndGlobal
