
Microsoft Visual Studio Solution File, Format Version 12.00
# Visual Studio 2013
VisualStudioVersion = 12.0.30723.0
MinimumVisualStudioVersion = 10.0.40219.1
Project("{FAE04EC0-301F-11D3-BF4B-00C04F79EFBC}") = "Pigeoid.Core", "src\Pigeoid.Core\Pigeoid.Core.csproj", "{ECDC3D02-067E-4D6F-9DF2-58015EFDAE87}"
EndProject
Project("{2150E333-8FDC-42A3-9474-1A3956D46DE8}") = "src", "src", "{3BF3752F-F50D-44DF-84C5-10BA1B5ABC22}"
	ProjectSection(SolutionItems) = preProject
		src\PigeoidAssemblyInfo.cs = src\PigeoidAssemblyInfo.cs
	EndProjectSection
EndProject
Project("{2150E333-8FDC-42A3-9474-1A3956D46DE8}") = "build", "build", "{F588ACEA-9B25-40DF-BE2F-4CFB44C7147C}"
EndProject
Project("{2150E333-8FDC-42A3-9474-1A3956D46DE8}") = "tests", "tests", "{7E955526-8715-4399-984C-CB96BF2A158B}"
EndProject
Project("{FAE04EC0-301F-11D3-BF4B-00C04F79EFBC}") = "Pigeoid.Interop.Proj4", "src\Pigeoid.Interop.Proj4\Pigeoid.Interop.Proj4.csproj", "{560D8E81-795B-456F-A9F1-7166B3BE13B1}"
EndProject
Project("{FAE04EC0-301F-11D3-BF4B-00C04F79EFBC}") = "Pigeoid.Epsg.DataTransmogrifier", "build\Pigeoid.Epsg.DataTransmogrifier\Pigeoid.Epsg.DataTransmogrifier.csproj", "{90BDF391-AE05-4CDB-8B62-7DD588C29001}"
EndProject
Project("{FAE04EC0-301F-11D3-BF4B-00C04F79EFBC}") = "Pigeoid.Epsg", "src\Pigeoid.Epsg\Pigeoid.Epsg.csproj", "{4DB9EE8B-B0A8-4EFD-8C2B-C2DFCA51A2DE}"
EndProject
Project("{FAE04EC0-301F-11D3-BF4B-00C04F79EFBC}") = "Pigeoid.Epsg.DbRepository", "build\Pigeoid.Epsg.DbRepository\Pigeoid.Epsg.DbRepository.csproj", "{4D930C82-3FDF-4B55-A57B-6295B4459CD7}"
EndProject
Project("{FAE04EC0-301F-11D3-BF4B-00C04F79EFBC}") = "Pigeoid.CoordinateOpFullTester", "tests\Pigeoid.CoordinateOpFullTester\Pigeoid.CoordinateOpFullTester.csproj", "{F8111281-CBF9-410A-A8D1-C5D7F0251487}"
EndProject
Project("{FAE04EC0-301F-11D3-BF4B-00C04F79EFBC}") = "Pigeoid.Core.Test", "tests\Pigeoid.Core.Test\Pigeoid.Core.Test.csproj", "{E598B157-1063-4652-A4BE-DD54E02C23FB}"
EndProject
Project("{FAE04EC0-301F-11D3-BF4B-00C04F79EFBC}") = "Pigeoid.Epsg.ResourceData.Test", "tests\Pigeoid.Epsg.ResourceData.Test\Pigeoid.Epsg.ResourceData.Test.csproj", "{B7373B82-C89A-4015-834A-727175286A1B}"
EndProject
Project("{FAE04EC0-301F-11D3-BF4B-00C04F79EFBC}") = "Pigeoid.Epsg.Transform.Test", "tests\Pigeoid.Epsg.Transform.Test\Pigeoid.Epsg.Transform.Test.csproj", "{A580A78D-7975-42E4-89CA-831690872299}"
EndProject
Project("{FAE04EC0-301F-11D3-BF4B-00C04F79EFBC}") = "Pigeoid.GoldData", "tests\Pigeoid.GoldData\Pigeoid.GoldData.csproj", "{C6EAB9F1-4132-4878-BAA2-535354A68899}"
EndProject
Project("{FAE04EC0-301F-11D3-BF4B-00C04F79EFBC}") = "Pigeoid.Interop.Proj4.Test", "tests\Pigeoid.Interop.Proj4.Test\Pigeoid.Interop.Proj4.Test.csproj", "{0A583A69-FC65-4ED2-9C6C-AAE4E5DB1230}"
EndProject
Project("{FAE04EC0-301F-11D3-BF4B-00C04F79EFBC}") = "Pigeoid.Proj4ComparisonTests", "tests\Pigeoid.Proj4ComparisonTests\Pigeoid.Proj4ComparisonTests.csproj", "{8858D42E-203D-4451-BDD8-22E79A766BEB}"
EndProject
Global
	GlobalSection(SolutionConfigurationPlatforms) = preSolution
		Debug|Any CPU = Debug|Any CPU
		Debug|Mixed Platforms = Debug|Mixed Platforms
		Debug|x86 = Debug|x86
		DebugCC|Any CPU = DebugCC|Any CPU
		DebugCC|Mixed Platforms = DebugCC|Mixed Platforms
		DebugCC|x86 = DebugCC|x86
		Release|Any CPU = Release|Any CPU
		Release|Mixed Platforms = Release|Mixed Platforms
		Release|x86 = Release|x86
	EndGlobalSection
	GlobalSection(ProjectConfigurationPlatforms) = postSolution
		{ECDC3D02-067E-4D6F-9DF2-58015EFDAE87}.Debug|Any CPU.ActiveCfg = Debug|Any CPU
		{ECDC3D02-067E-4D6F-9DF2-58015EFDAE87}.Debug|Any CPU.Build.0 = Debug|Any CPU
		{ECDC3D02-067E-4D6F-9DF2-58015EFDAE87}.Debug|Mixed Platforms.ActiveCfg = Debug|Any CPU
		{ECDC3D02-067E-4D6F-9DF2-58015EFDAE87}.Debug|Mixed Platforms.Build.0 = Debug|Any CPU
		{ECDC3D02-067E-4D6F-9DF2-58015EFDAE87}.Debug|x86.ActiveCfg = Debug|Any CPU
		{ECDC3D02-067E-4D6F-9DF2-58015EFDAE87}.DebugCC|Any CPU.ActiveCfg = DebugCC|Any CPU
		{ECDC3D02-067E-4D6F-9DF2-58015EFDAE87}.DebugCC|Any CPU.Build.0 = DebugCC|Any CPU
		{ECDC3D02-067E-4D6F-9DF2-58015EFDAE87}.DebugCC|Mixed Platforms.ActiveCfg = DebugCC|Any CPU
		{ECDC3D02-067E-4D6F-9DF2-58015EFDAE87}.DebugCC|Mixed Platforms.Build.0 = DebugCC|Any CPU
		{ECDC3D02-067E-4D6F-9DF2-58015EFDAE87}.DebugCC|x86.ActiveCfg = DebugCC|Any CPU
		{ECDC3D02-067E-4D6F-9DF2-58015EFDAE87}.Release|Any CPU.ActiveCfg = Release|Any CPU
		{ECDC3D02-067E-4D6F-9DF2-58015EFDAE87}.Release|Any CPU.Build.0 = Release|Any CPU
		{ECDC3D02-067E-4D6F-9DF2-58015EFDAE87}.Release|Mixed Platforms.ActiveCfg = Release|Any CPU
		{ECDC3D02-067E-4D6F-9DF2-58015EFDAE87}.Release|Mixed Platforms.Build.0 = Release|Any CPU
		{ECDC3D02-067E-4D6F-9DF2-58015EFDAE87}.Release|x86.ActiveCfg = Release|Any CPU
		{560D8E81-795B-456F-A9F1-7166B3BE13B1}.Debug|Any CPU.ActiveCfg = Debug|x86
		{560D8E81-795B-456F-A9F1-7166B3BE13B1}.Debug|Any CPU.Build.0 = Debug|x86
		{560D8E81-795B-456F-A9F1-7166B3BE13B1}.Debug|Mixed Platforms.ActiveCfg = Debug|x86
		{560D8E81-795B-456F-A9F1-7166B3BE13B1}.Debug|Mixed Platforms.Build.0 = Debug|x86
		{560D8E81-795B-456F-A9F1-7166B3BE13B1}.Debug|x86.ActiveCfg = Debug|x86
		{560D8E81-795B-456F-A9F1-7166B3BE13B1}.Debug|x86.Build.0 = Debug|x86
		{560D8E81-795B-456F-A9F1-7166B3BE13B1}.DebugCC|Any CPU.ActiveCfg = DebugCC|x86
		{560D8E81-795B-456F-A9F1-7166B3BE13B1}.DebugCC|Any CPU.Build.0 = DebugCC|x86
		{560D8E81-795B-456F-A9F1-7166B3BE13B1}.DebugCC|Mixed Platforms.ActiveCfg = DebugCC|x86
		{560D8E81-795B-456F-A9F1-7166B3BE13B1}.DebugCC|Mixed Platforms.Build.0 = DebugCC|x86
		{560D8E81-795B-456F-A9F1-7166B3BE13B1}.DebugCC|x86.ActiveCfg = DebugCC|x86
		{560D8E81-795B-456F-A9F1-7166B3BE13B1}.DebugCC|x86.Build.0 = DebugCC|x86
		{560D8E81-795B-456F-A9F1-7166B3BE13B1}.Release|Any CPU.ActiveCfg = Release|x86
		{560D8E81-795B-456F-A9F1-7166B3BE13B1}.Release|Mixed Platforms.ActiveCfg = Release|x86
		{560D8E81-795B-456F-A9F1-7166B3BE13B1}.Release|Mixed Platforms.Build.0 = Release|x86
		{560D8E81-795B-456F-A9F1-7166B3BE13B1}.Release|x86.ActiveCfg = Release|x86
		{560D8E81-795B-456F-A9F1-7166B3BE13B1}.Release|x86.Build.0 = Release|x86
		{90BDF391-AE05-4CDB-8B62-7DD588C29001}.Debug|Any CPU.ActiveCfg = Debug|x86
		{90BDF391-AE05-4CDB-8B62-7DD588C29001}.Debug|Any CPU.Build.0 = Debug|x86
		{90BDF391-AE05-4CDB-8B62-7DD588C29001}.Debug|Mixed Platforms.ActiveCfg = Debug|x86
		{90BDF391-AE05-4CDB-8B62-7DD588C29001}.Debug|Mixed Platforms.Build.0 = Debug|x86
		{90BDF391-AE05-4CDB-8B62-7DD588C29001}.Debug|x86.ActiveCfg = Debug|x86
		{90BDF391-AE05-4CDB-8B62-7DD588C29001}.Debug|x86.Build.0 = Debug|x86
		{90BDF391-AE05-4CDB-8B62-7DD588C29001}.DebugCC|Any CPU.ActiveCfg = DebugCC|x86
		{90BDF391-AE05-4CDB-8B62-7DD588C29001}.DebugCC|Any CPU.Build.0 = DebugCC|x86
		{90BDF391-AE05-4CDB-8B62-7DD588C29001}.DebugCC|Mixed Platforms.ActiveCfg = DebugCC|x86
		{90BDF391-AE05-4CDB-8B62-7DD588C29001}.DebugCC|Mixed Platforms.Build.0 = DebugCC|x86
		{90BDF391-AE05-4CDB-8B62-7DD588C29001}.DebugCC|x86.ActiveCfg = DebugCC|x86
		{90BDF391-AE05-4CDB-8B62-7DD588C29001}.DebugCC|x86.Build.0 = DebugCC|x86
		{90BDF391-AE05-4CDB-8B62-7DD588C29001}.Release|Any CPU.ActiveCfg = Release|x86
		{90BDF391-AE05-4CDB-8B62-7DD588C29001}.Release|Mixed Platforms.ActiveCfg = Release|x86
		{90BDF391-AE05-4CDB-8B62-7DD588C29001}.Release|Mixed Platforms.Build.0 = Release|x86
		{90BDF391-AE05-4CDB-8B62-7DD588C29001}.Release|x86.ActiveCfg = Release|x86
		{90BDF391-AE05-4CDB-8B62-7DD588C29001}.Release|x86.Build.0 = Release|x86
		{4DB9EE8B-B0A8-4EFD-8C2B-C2DFCA51A2DE}.Debug|Any CPU.ActiveCfg = Debug|Any CPU
		{4DB9EE8B-B0A8-4EFD-8C2B-C2DFCA51A2DE}.Debug|Any CPU.Build.0 = Debug|Any CPU
		{4DB9EE8B-B0A8-4EFD-8C2B-C2DFCA51A2DE}.Debug|Mixed Platforms.ActiveCfg = Debug|Any CPU
		{4DB9EE8B-B0A8-4EFD-8C2B-C2DFCA51A2DE}.Debug|Mixed Platforms.Build.0 = Debug|Any CPU
		{4DB9EE8B-B0A8-4EFD-8C2B-C2DFCA51A2DE}.Debug|x86.ActiveCfg = Debug|Any CPU
		{4DB9EE8B-B0A8-4EFD-8C2B-C2DFCA51A2DE}.DebugCC|Any CPU.ActiveCfg = DebugCC|Any CPU
		{4DB9EE8B-B0A8-4EFD-8C2B-C2DFCA51A2DE}.DebugCC|Any CPU.Build.0 = DebugCC|Any CPU
		{4DB9EE8B-B0A8-4EFD-8C2B-C2DFCA51A2DE}.DebugCC|Mixed Platforms.ActiveCfg = DebugCC|Any CPU
		{4DB9EE8B-B0A8-4EFD-8C2B-C2DFCA51A2DE}.DebugCC|Mixed Platforms.Build.0 = DebugCC|Any CPU
		{4DB9EE8B-B0A8-4EFD-8C2B-C2DFCA51A2DE}.DebugCC|x86.ActiveCfg = DebugCC|Any CPU
		{4DB9EE8B-B0A8-4EFD-8C2B-C2DFCA51A2DE}.Release|Any CPU.ActiveCfg = Release|Any CPU
		{4DB9EE8B-B0A8-4EFD-8C2B-C2DFCA51A2DE}.Release|Any CPU.Build.0 = Release|Any CPU
		{4DB9EE8B-B0A8-4EFD-8C2B-C2DFCA51A2DE}.Release|Mixed Platforms.ActiveCfg = Release|Any CPU
		{4DB9EE8B-B0A8-4EFD-8C2B-C2DFCA51A2DE}.Release|Mixed Platforms.Build.0 = Release|Any CPU
		{4DB9EE8B-B0A8-4EFD-8C2B-C2DFCA51A2DE}.Release|x86.ActiveCfg = Release|Any CPU
		{4D930C82-3FDF-4B55-A57B-6295B4459CD7}.Debug|Any CPU.ActiveCfg = Debug|x86
		{4D930C82-3FDF-4B55-A57B-6295B4459CD7}.Debug|Any CPU.Build.0 = Debug|x86
		{4D930C82-3FDF-4B55-A57B-6295B4459CD7}.Debug|Mixed Platforms.ActiveCfg = Debug|x86
		{4D930C82-3FDF-4B55-A57B-6295B4459CD7}.Debug|Mixed Platforms.Build.0 = Debug|x86
		{4D930C82-3FDF-4B55-A57B-6295B4459CD7}.Debug|x86.ActiveCfg = Debug|x86
		{4D930C82-3FDF-4B55-A57B-6295B4459CD7}.Debug|x86.Build.0 = Debug|x86
		{4D930C82-3FDF-4B55-A57B-6295B4459CD7}.DebugCC|Any CPU.ActiveCfg = DebugCC|x86
		{4D930C82-3FDF-4B55-A57B-6295B4459CD7}.DebugCC|Any CPU.Build.0 = DebugCC|x86
		{4D930C82-3FDF-4B55-A57B-6295B4459CD7}.DebugCC|Mixed Platforms.ActiveCfg = DebugCC|x86
		{4D930C82-3FDF-4B55-A57B-6295B4459CD7}.DebugCC|Mixed Platforms.Build.0 = DebugCC|x86
		{4D930C82-3FDF-4B55-A57B-6295B4459CD7}.DebugCC|x86.ActiveCfg = DebugCC|x86
		{4D930C82-3FDF-4B55-A57B-6295B4459CD7}.DebugCC|x86.Build.0 = DebugCC|x86
		{4D930C82-3FDF-4B55-A57B-6295B4459CD7}.Release|Any CPU.ActiveCfg = Release|x86
		{4D930C82-3FDF-4B55-A57B-6295B4459CD7}.Release|Mixed Platforms.ActiveCfg = Release|x86
		{4D930C82-3FDF-4B55-A57B-6295B4459CD7}.Release|Mixed Platforms.Build.0 = Release|x86
		{4D930C82-3FDF-4B55-A57B-6295B4459CD7}.Release|x86.ActiveCfg = Release|x86
		{4D930C82-3FDF-4B55-A57B-6295B4459CD7}.Release|x86.Build.0 = Release|x86
		{F8111281-CBF9-410A-A8D1-C5D7F0251487}.Debug|Any CPU.ActiveCfg = Debug|Any CPU
		{F8111281-CBF9-410A-A8D1-C5D7F0251487}.Debug|Any CPU.Build.0 = Debug|Any CPU
		{F8111281-CBF9-410A-A8D1-C5D7F0251487}.Debug|Mixed Platforms.ActiveCfg = Debug|x86
		{F8111281-CBF9-410A-A8D1-C5D7F0251487}.Debug|Mixed Platforms.Build.0 = Debug|x86
		{F8111281-CBF9-410A-A8D1-C5D7F0251487}.Debug|x86.ActiveCfg = Debug|x86
		{F8111281-CBF9-410A-A8D1-C5D7F0251487}.Debug|x86.Build.0 = Debug|x86
		{F8111281-CBF9-410A-A8D1-C5D7F0251487}.DebugCC|Any CPU.ActiveCfg = Debug|Any CPU
		{F8111281-CBF9-410A-A8D1-C5D7F0251487}.DebugCC|Any CPU.Build.0 = Debug|Any CPU
		{F8111281-CBF9-410A-A8D1-C5D7F0251487}.DebugCC|Mixed Platforms.ActiveCfg = Debug|x86
		{F8111281-CBF9-410A-A8D1-C5D7F0251487}.DebugCC|Mixed Platforms.Build.0 = Debug|x86
		{F8111281-CBF9-410A-A8D1-C5D7F0251487}.DebugCC|x86.ActiveCfg = Debug|x86
		{F8111281-CBF9-410A-A8D1-C5D7F0251487}.DebugCC|x86.Build.0 = Debug|x86
		{F8111281-CBF9-410A-A8D1-C5D7F0251487}.Release|Any CPU.ActiveCfg = Release|Any CPU
		{F8111281-CBF9-410A-A8D1-C5D7F0251487}.Release|Any CPU.Build.0 = Release|Any CPU
		{F8111281-CBF9-410A-A8D1-C5D7F0251487}.Release|Mixed Platforms.ActiveCfg = Release|x86
		{F8111281-CBF9-410A-A8D1-C5D7F0251487}.Release|Mixed Platforms.Build.0 = Release|x86
		{F8111281-CBF9-410A-A8D1-C5D7F0251487}.Release|x86.ActiveCfg = Release|x86
		{F8111281-CBF9-410A-A8D1-C5D7F0251487}.Release|x86.Build.0 = Release|x86
		{E598B157-1063-4652-A4BE-DD54E02C23FB}.Debug|Any CPU.ActiveCfg = Debug|Any CPU
		{E598B157-1063-4652-A4BE-DD54E02C23FB}.Debug|Any CPU.Build.0 = Debug|Any CPU
		{E598B157-1063-4652-A4BE-DD54E02C23FB}.Debug|Mixed Platforms.ActiveCfg = Debug|Any CPU
		{E598B157-1063-4652-A4BE-DD54E02C23FB}.Debug|Mixed Platforms.Build.0 = Debug|Any CPU
		{E598B157-1063-4652-A4BE-DD54E02C23FB}.Debug|x86.ActiveCfg = Debug|Any CPU
		{E598B157-1063-4652-A4BE-DD54E02C23FB}.DebugCC|Any CPU.ActiveCfg = DebugCC|Any CPU
		{E598B157-1063-4652-A4BE-DD54E02C23FB}.DebugCC|Any CPU.Build.0 = DebugCC|Any CPU
		{E598B157-1063-4652-A4BE-DD54E02C23FB}.DebugCC|Mixed Platforms.ActiveCfg = DebugCC|Any CPU
		{E598B157-1063-4652-A4BE-DD54E02C23FB}.DebugCC|Mixed Platforms.Build.0 = DebugCC|Any CPU
		{E598B157-1063-4652-A4BE-DD54E02C23FB}.DebugCC|x86.ActiveCfg = DebugCC|Any CPU
		{E598B157-1063-4652-A4BE-DD54E02C23FB}.Release|Any CPU.ActiveCfg = Release|Any CPU
		{E598B157-1063-4652-A4BE-DD54E02C23FB}.Release|Any CPU.Build.0 = Release|Any CPU
		{E598B157-1063-4652-A4BE-DD54E02C23FB}.Release|Mixed Platforms.ActiveCfg = Release|Any CPU
		{E598B157-1063-4652-A4BE-DD54E02C23FB}.Release|Mixed Platforms.Build.0 = Release|Any CPU
		{E598B157-1063-4652-A4BE-DD54E02C23FB}.Release|x86.ActiveCfg = Release|Any CPU
		{B7373B82-C89A-4015-834A-727175286A1B}.Debug|Any CPU.ActiveCfg = Debug|x86
		{B7373B82-C89A-4015-834A-727175286A1B}.Debug|Mixed Platforms.ActiveCfg = Debug|x86
		{B7373B82-C89A-4015-834A-727175286A1B}.Debug|Mixed Platforms.Build.0 = Debug|x86
		{B7373B82-C89A-4015-834A-727175286A1B}.Debug|x86.ActiveCfg = Debug|x86
		{B7373B82-C89A-4015-834A-727175286A1B}.Debug|x86.Build.0 = Debug|x86
		{B7373B82-C89A-4015-834A-727175286A1B}.DebugCC|Any CPU.ActiveCfg = DebugCC|x86
		{B7373B82-C89A-4015-834A-727175286A1B}.DebugCC|Mixed Platforms.ActiveCfg = DebugCC|x86
		{B7373B82-C89A-4015-834A-727175286A1B}.DebugCC|Mixed Platforms.Build.0 = DebugCC|x86
		{B7373B82-C89A-4015-834A-727175286A1B}.DebugCC|x86.ActiveCfg = DebugCC|x86
		{B7373B82-C89A-4015-834A-727175286A1B}.DebugCC|x86.Build.0 = DebugCC|x86
		{B7373B82-C89A-4015-834A-727175286A1B}.Release|Any CPU.ActiveCfg = Release|x86
		{B7373B82-C89A-4015-834A-727175286A1B}.Release|Mixed Platforms.ActiveCfg = Release|x86
		{B7373B82-C89A-4015-834A-727175286A1B}.Release|Mixed Platforms.Build.0 = Release|x86
		{B7373B82-C89A-4015-834A-727175286A1B}.Release|x86.ActiveCfg = Release|x86
		{B7373B82-C89A-4015-834A-727175286A1B}.Release|x86.Build.0 = Release|x86
		{A580A78D-7975-42E4-89CA-831690872299}.Debug|Any CPU.ActiveCfg = Debug|Any CPU
		{A580A78D-7975-42E4-89CA-831690872299}.Debug|Any CPU.Build.0 = Debug|Any CPU
		{A580A78D-7975-42E4-89CA-831690872299}.Debug|Mixed Platforms.ActiveCfg = Debug|Any CPU
		{A580A78D-7975-42E4-89CA-831690872299}.Debug|Mixed Platforms.Build.0 = Debug|Any CPU
		{A580A78D-7975-42E4-89CA-831690872299}.Debug|x86.ActiveCfg = Debug|Any CPU
		{A580A78D-7975-42E4-89CA-831690872299}.DebugCC|Any CPU.ActiveCfg = DebugCC|Any CPU
		{A580A78D-7975-42E4-89CA-831690872299}.DebugCC|Any CPU.Build.0 = DebugCC|Any CPU
		{A580A78D-7975-42E4-89CA-831690872299}.DebugCC|Mixed Platforms.ActiveCfg = DebugCC|Any CPU
		{A580A78D-7975-42E4-89CA-831690872299}.DebugCC|Mixed Platforms.Build.0 = DebugCC|Any CPU
		{A580A78D-7975-42E4-89CA-831690872299}.DebugCC|x86.ActiveCfg = DebugCC|Any CPU
		{A580A78D-7975-42E4-89CA-831690872299}.Release|Any CPU.ActiveCfg = Release|Any CPU
		{A580A78D-7975-42E4-89CA-831690872299}.Release|Any CPU.Build.0 = Release|Any CPU
		{A580A78D-7975-42E4-89CA-831690872299}.Release|Mixed Platforms.ActiveCfg = Release|Any CPU
		{A580A78D-7975-42E4-89CA-831690872299}.Release|Mixed Platforms.Build.0 = Release|Any CPU
		{A580A78D-7975-42E4-89CA-831690872299}.Release|x86.ActiveCfg = Release|Any CPU
		{C6EAB9F1-4132-4878-BAA2-535354A68899}.Debug|Any CPU.ActiveCfg = Debug|Any CPU
		{C6EAB9F1-4132-4878-BAA2-535354A68899}.Debug|Any CPU.Build.0 = Debug|Any CPU
		{C6EAB9F1-4132-4878-BAA2-535354A68899}.Debug|Mixed Platforms.ActiveCfg = Debug|Any CPU
		{C6EAB9F1-4132-4878-BAA2-535354A68899}.Debug|Mixed Platforms.Build.0 = Debug|Any CPU
		{C6EAB9F1-4132-4878-BAA2-535354A68899}.Debug|x86.ActiveCfg = Debug|Any CPU
		{C6EAB9F1-4132-4878-BAA2-535354A68899}.DebugCC|Any CPU.ActiveCfg = DebugCC|Any CPU
		{C6EAB9F1-4132-4878-BAA2-535354A68899}.DebugCC|Any CPU.Build.0 = DebugCC|Any CPU
		{C6EAB9F1-4132-4878-BAA2-535354A68899}.DebugCC|Mixed Platforms.ActiveCfg = DebugCC|Any CPU
		{C6EAB9F1-4132-4878-BAA2-535354A68899}.DebugCC|Mixed Platforms.Build.0 = DebugCC|Any CPU
		{C6EAB9F1-4132-4878-BAA2-535354A68899}.DebugCC|x86.ActiveCfg = DebugCC|Any CPU
		{C6EAB9F1-4132-4878-BAA2-535354A68899}.Release|Any CPU.ActiveCfg = Release|Any CPU
		{C6EAB9F1-4132-4878-BAA2-535354A68899}.Release|Any CPU.Build.0 = Release|Any CPU
		{C6EAB9F1-4132-4878-BAA2-535354A68899}.Release|Mixed Platforms.ActiveCfg = Release|Any CPU
		{C6EAB9F1-4132-4878-BAA2-535354A68899}.Release|Mixed Platforms.Build.0 = Release|Any CPU
		{C6EAB9F1-4132-4878-BAA2-535354A68899}.Release|x86.ActiveCfg = Release|Any CPU
		{0A583A69-FC65-4ED2-9C6C-AAE4E5DB1230}.Debug|Any CPU.ActiveCfg = Debug|x86
		{0A583A69-FC65-4ED2-9C6C-AAE4E5DB1230}.Debug|Mixed Platforms.ActiveCfg = Debug|x86
		{0A583A69-FC65-4ED2-9C6C-AAE4E5DB1230}.Debug|Mixed Platforms.Build.0 = Debug|x86
		{0A583A69-FC65-4ED2-9C6C-AAE4E5DB1230}.Debug|x86.ActiveCfg = Debug|x86
		{0A583A69-FC65-4ED2-9C6C-AAE4E5DB1230}.Debug|x86.Build.0 = Debug|x86
		{0A583A69-FC65-4ED2-9C6C-AAE4E5DB1230}.DebugCC|Any CPU.ActiveCfg = DebugCC|x86
		{0A583A69-FC65-4ED2-9C6C-AAE4E5DB1230}.DebugCC|Mixed Platforms.ActiveCfg = DebugCC|x86
		{0A583A69-FC65-4ED2-9C6C-AAE4E5DB1230}.DebugCC|Mixed Platforms.Build.0 = DebugCC|x86
		{0A583A69-FC65-4ED2-9C6C-AAE4E5DB1230}.DebugCC|x86.ActiveCfg = DebugCC|x86
		{0A583A69-FC65-4ED2-9C6C-AAE4E5DB1230}.DebugCC|x86.Build.0 = DebugCC|x86
		{0A583A69-FC65-4ED2-9C6C-AAE4E5DB1230}.Release|Any CPU.ActiveCfg = Release|x86
		{0A583A69-FC65-4ED2-9C6C-AAE4E5DB1230}.Release|Mixed Platforms.ActiveCfg = Release|x86
		{0A583A69-FC65-4ED2-9C6C-AAE4E5DB1230}.Release|Mixed Platforms.Build.0 = Release|x86
		{0A583A69-FC65-4ED2-9C6C-AAE4E5DB1230}.Release|x86.ActiveCfg = Release|x86
		{0A583A69-FC65-4ED2-9C6C-AAE4E5DB1230}.Release|x86.Build.0 = Release|x86
		{8858D42E-203D-4451-BDD8-22E79A766BEB}.Debug|Any CPU.ActiveCfg = Debug|Any CPU
		{8858D42E-203D-4451-BDD8-22E79A766BEB}.Debug|Any CPU.Build.0 = Debug|Any CPU
		{8858D42E-203D-4451-BDD8-22E79A766BEB}.Debug|Mixed Platforms.ActiveCfg = Debug|Any CPU
		{8858D42E-203D-4451-BDD8-22E79A766BEB}.Debug|Mixed Platforms.Build.0 = Debug|Any CPU
		{8858D42E-203D-4451-BDD8-22E79A766BEB}.Debug|x86.ActiveCfg = Debug|Any CPU
		{8858D42E-203D-4451-BDD8-22E79A766BEB}.DebugCC|Any CPU.ActiveCfg = DebugCC|Any CPU
		{8858D42E-203D-4451-BDD8-22E79A766BEB}.DebugCC|Any CPU.Build.0 = DebugCC|Any CPU
		{8858D42E-203D-4451-BDD8-22E79A766BEB}.DebugCC|Mixed Platforms.ActiveCfg = DebugCC|Any CPU
		{8858D42E-203D-4451-BDD8-22E79A766BEB}.DebugCC|Mixed Platforms.Build.0 = DebugCC|Any CPU
		{8858D42E-203D-4451-BDD8-22E79A766BEB}.DebugCC|x86.ActiveCfg = DebugCC|Any CPU
		{8858D42E-203D-4451-BDD8-22E79A766BEB}.Release|Any CPU.ActiveCfg = Release|Any CPU
		{8858D42E-203D-4451-BDD8-22E79A766BEB}.Release|Any CPU.Build.0 = Release|Any CPU
		{8858D42E-203D-4451-BDD8-22E79A766BEB}.Release|Mixed Platforms.ActiveCfg = Release|Any CPU
		{8858D42E-203D-4451-BDD8-22E79A766BEB}.Release|Mixed Platforms.Build.0 = Release|Any CPU
		{8858D42E-203D-4451-BDD8-22E79A766BEB}.Release|x86.ActiveCfg = Release|Any CPU
	EndGlobalSection
	GlobalSection(SolutionProperties) = preSolution
		HideSolutionNode = FALSE
	EndGlobalSection
	GlobalSection(NestedProjects) = preSolution
		{ECDC3D02-067E-4D6F-9DF2-58015EFDAE87} = {3BF3752F-F50D-44DF-84C5-10BA1B5ABC22}
		{560D8E81-795B-456F-A9F1-7166B3BE13B1} = {3BF3752F-F50D-44DF-84C5-10BA1B5ABC22}
		{90BDF391-AE05-4CDB-8B62-7DD588C29001} = {F588ACEA-9B25-40DF-BE2F-4CFB44C7147C}
		{4DB9EE8B-B0A8-4EFD-8C2B-C2DFCA51A2DE} = {3BF3752F-F50D-44DF-84C5-10BA1B5ABC22}
		{4D930C82-3FDF-4B55-A57B-6295B4459CD7} = {F588ACEA-9B25-40DF-BE2F-4CFB44C7147C}
		{F8111281-CBF9-410A-A8D1-C5D7F0251487} = {7E955526-8715-4399-984C-CB96BF2A158B}
		{E598B157-1063-4652-A4BE-DD54E02C23FB} = {7E955526-8715-4399-984C-CB96BF2A158B}
		{B7373B82-C89A-4015-834A-727175286A1B} = {7E955526-8715-4399-984C-CB96BF2A158B}
		{A580A78D-7975-42E4-89CA-831690872299} = {7E955526-8715-4399-984C-CB96BF2A158B}
		{C6EAB9F1-4132-4878-BAA2-535354A68899} = {7E955526-8715-4399-984C-CB96BF2A158B}
		{0A583A69-FC65-4ED2-9C6C-AAE4E5DB1230} = {7E955526-8715-4399-984C-CB96BF2A158B}
		{8858D42E-203D-4451-BDD8-22E79A766BEB} = {7E955526-8715-4399-984C-CB96BF2A158B}
	EndGlobalSection
EndGlobal
